
Microsoft Visual Studio Solution File, Format Version 12.00
# Visual Studio Version 17
VisualStudioVersion = 17.2.32630.192
MinimumVisualStudioVersion = 10.0.40219.1
Project("{FAE04EC0-301F-11D3-BF4B-00C04F79EFBC}") = "Joqaridan_harip_tus", "Joqaridan_harip_tus\Joqaridan_harip_tus.csproj", "{ED99E432-4BC2-4F6F-A05D-B02903595EB7}"
EndProject
Global
	GlobalSection(SolutionConfigurationPlatforms) = preSolution
		Debug|Any CPU = Debug|Any CPU
		Release|Any CPU = Release|Any CPU
	EndGlobalSection
	GlobalSection(ProjectConfigurationPlatforms) = postSolution
		{ED99E432-4BC2-4F6F-A05D-B02903595EB7}.Debug|Any CPU.ActiveCfg = Debug|Any CPU
		{ED99E432-4BC2-4F6F-A05D-B02903595EB7}.Debug|Any CPU.Build.0 = Debug|Any CPU
		{ED99E432-4BC2-4F6F-A05D-B02903595EB7}.Release|Any CPU.ActiveCfg = Release|Any CPU
		{ED99E432-4BC2-4F6F-A05D-B02903595EB7}.Release|Any CPU.Build.0 = Release|Any CPU
	EndGlobalSection
	GlobalSection(SolutionProperties) = preSolution
		HideSolutionNode = FALSE
	EndGlobalSection
	GlobalSection(ExtensibilityGlobals) = postSolution
		SolutionGuid = {9B1CBEC7-A60A-4138-B966-BA20A60A03EE}
	EndGlobalSection
EndGlobal
